
Microsoft Visual Studio Solution File, Format Version 12.00
# Visual Studio Version 17
VisualStudioVersion = 17.8.34205.153
MinimumVisualStudioVersion = 10.0.40219.1
Project("{9A19103F-16F7-4668-BE54-9A1E7A4F7556}") = "MyApp", "MyApp.csproj", "{63E732AD-F25A-4D61-B4FC-980D387B9FBF}"
EndProject
Global
	GlobalSection(SolutionConfigurationPlatforms) = preSolution
		Debug|Any CPU = Debug|Any CPU
		Release|Any CPU = Release|Any CPU
	EndGlobalSection
	GlobalSection(ProjectConfigurationPlatforms) = postSolution
		{63E732AD-F25A-4D61-B4FC-980D387B9FBF}.Debug|Any CPU.ActiveCfg = Debug|Any CPU
		{63E732AD-F25A-4D61-B4FC-980D387B9FBF}.Debug|Any CPU.Build.0 = Debug|Any CPU
		{63E732AD-F25A-4D61-B4FC-980D387B9FBF}.Release|Any CPU.ActiveCfg = Release|Any CPU
		{63E732AD-F25A-4D61-B4FC-980D387B9FBF}.Release|Any CPU.Build.0 = Release|Any CPU
	EndGlobalSection
	GlobalSection(SolutionProperties) = preSolution
		HideSolutionNode = FALSE
	EndGlobalSection
	GlobalSection(ExtensibilityGlobals) = postSolution
		SolutionGuid = {040866E4-F768-43B3-9FF3-CCB7C56E2D06}
	EndGlobalSection
EndGlobal
